
Microsoft Visual Studio Solution File, Format Version 12.00
# Visual Studio Version 17
VisualStudioVersion = 17.13.35825.156 d17.13
MinimumVisualStudioVersion = 10.0.40219.1
Project("{FAE04EC0-301F-11D3-BF4B-00C04F79EFBC}") = "OC_Lab1", "OC_Lab1.csproj", "{4868A540-E22E-44E9-BF4D-6418113A837E}"
EndProject
Global
	GlobalSection(SolutionConfigurationPlatforms) = preSolution
		Debug|Any CPU = Debug|Any CPU
		Release|Any CPU = Release|Any CPU
	EndGlobalSection
	GlobalSection(ProjectConfigurationPlatforms) = postSolution
		{4868A540-E22E-44E9-BF4D-6418113A837E}.Debug|Any CPU.ActiveCfg = Debug|Any CPU
		{4868A540-E22E-44E9-BF4D-6418113A837E}.Debug|Any CPU.Build.0 = Debug|Any CPU
		{4868A540-E22E-44E9-BF4D-6418113A837E}.Release|Any CPU.ActiveCfg = Release|Any CPU
		{4868A540-E22E-44E9-BF4D-6418113A837E}.Release|Any CPU.Build.0 = Release|Any CPU
	EndGlobalSection
	GlobalSection(SolutionProperties) = preSolution
		HideSolutionNode = FALSE
	EndGlobalSection
	GlobalSection(ExtensibilityGlobals) = postSolution
		SolutionGuid = {389B2808-3106-473A-B66F-E7AB6266EF43}
	EndGlobalSection
EndGlobal
